
Microsoft Visual Studio Solution File, Format Version 12.00
# Visual Studio Version 17
VisualStudioVersion = 17.2.32526.322
MinimumVisualStudioVersion = 10.0.40219.1
Project("{9A19103F-16F7-4668-BE54-9A1E7A4F7556}") = "AHC011WithB", "AHC011WithB\AHC011WithB.csproj", "{0884F50A-FBD1-4B26-A4A9-BF8E0321C0EF}"
EndProject
Project("{FAE04EC0-301F-11D3-BF4B-00C04F79EFBC}") = "AHC011Visualiser", "AHC011Visualiser\AHC011Visualiser.csproj", "{F113A394-1E0A-4D4D-BA14-76896FB8DC36}"
EndProject
Global
	GlobalSection(SolutionConfigurationPlatforms) = preSolution
		Debug|Any CPU = Debug|Any CPU
		Release|Any CPU = Release|Any CPU
	EndGlobalSection
	GlobalSection(ProjectConfigurationPlatforms) = postSolution
		{0884F50A-FBD1-4B26-A4A9-BF8E0321C0EF}.Debug|Any CPU.ActiveCfg = Debug|Any CPU
		{0884F50A-FBD1-4B26-A4A9-BF8E0321C0EF}.Debug|Any CPU.Build.0 = Debug|Any CPU
		{0884F50A-FBD1-4B26-A4A9-BF8E0321C0EF}.Release|Any CPU.ActiveCfg = Release|Any CPU
		{0884F50A-FBD1-4B26-A4A9-BF8E0321C0EF}.Release|Any CPU.Build.0 = Release|Any CPU
		{F113A394-1E0A-4D4D-BA14-76896FB8DC36}.Debug|Any CPU.ActiveCfg = Debug|Any CPU
		{F113A394-1E0A-4D4D-BA14-76896FB8DC36}.Debug|Any CPU.Build.0 = Debug|Any CPU
		{F113A394-1E0A-4D4D-BA14-76896FB8DC36}.Release|Any CPU.ActiveCfg = Release|Any CPU
		{F113A394-1E0A-4D4D-BA14-76896FB8DC36}.Release|Any CPU.Build.0 = Release|Any CPU
	EndGlobalSection
	GlobalSection(SolutionProperties) = preSolution
		HideSolutionNode = FALSE
	EndGlobalSection
	GlobalSection(ExtensibilityGlobals) = postSolution
		SolutionGuid = {50A1EEA6-FB10-4E44-A65A-3FFE425C7449}
	EndGlobalSection
EndGlobal
